// !$*UTF8*$!
{
	archiveVersion = 1;
	classes = {
	};
	objectVersion = 56;
	objects = {

/* Begin PBXBuildFile section */
		79C6450F2AA16E2300988F4A /* InstaCloneJueApp.swift in Sources */ = {isa = PBXBuildFile; fileRef = 79C6450E2AA16E2300988F4A /* InstaCloneJueApp.swift */; };
		79C645112AA16E2300988F4A /* ContentView.swift in Sources */ = {isa = PBXBuildFile; fileRef = 79C645102AA16E2300988F4A /* ContentView.swift */; };
		79C645132AA16E2900988F4A /* Assets.xcassets in Resources */ = {isa = PBXBuildFile; fileRef = 79C645122AA16E2900988F4A /* Assets.xcassets */; };
		79C645162AA16E2900988F4A /* Preview Assets.xcassets in Resources */ = {isa = PBXBuildFile; fileRef = 79C645152AA16E2900988F4A /* Preview Assets.xcassets */; };
		79C645212AA1737200988F4A /* MainTabView.swift in Sources */ = {isa = PBXBuildFile; fileRef = 79C645202AA1737200988F4A /* MainTabView.swift */; };
		79C645242AA17B7B00988F4A /* ProfileView.swift in Sources */ = {isa = PBXBuildFile; fileRef = 79C645232AA17B7B00988F4A /* ProfileView.swift */; };
		79C645272AA180C400988F4A /* UserStatsView.swift in Sources */ = {isa = PBXBuildFile; fileRef = 79C645262AA180C400988F4A /* UserStatsView.swift */; };
/* End PBXBuildFile section */

/* Begin PBXFileReference section */
		79C6450B2AA16E2300988F4A /* InstaCloneJue.app */ = {isa = PBXFileReference; explicitFileType = wrapper.application; includeInIndex = 0; path = InstaCloneJue.app; sourceTree = BUILT_PRODUCTS_DIR; };
		79C6450E2AA16E2300988F4A /* InstaCloneJueApp.swift */ = {isa = PBXFileReference; lastKnownFileType = sourcecode.swift; path = InstaCloneJueApp.swift; sourceTree = "<group>"; };
		79C645102AA16E2300988F4A /* ContentView.swift */ = {isa = PBXFileReference; lastKnownFileType = sourcecode.swift; path = ContentView.swift; sourceTree = "<group>"; };
		79C645122AA16E2900988F4A /* Assets.xcassets */ = {isa = PBXFileReference; lastKnownFileType = folder.assetcatalog; path = Assets.xcassets; sourceTree = "<group>"; };
		79C645152AA16E2900988F4A /* Preview Assets.xcassets */ = {isa = PBXFileReference; lastKnownFileType = folder.assetcatalog; path = "Preview Assets.xcassets"; sourceTree = "<group>"; };
		79C645202AA1737200988F4A /* MainTabView.swift */ = {isa = PBXFileReference; lastKnownFileType = sourcecode.swift; path = MainTabView.swift; sourceTree = "<group>"; };
		79C645232AA17B7B00988F4A /* ProfileView.swift */ = {isa = PBXFileReference; lastKnownFileType = sourcecode.swift; path = ProfileView.swift; sourceTree = "<group>"; };
		79C645262AA180C400988F4A /* UserStatsView.swift */ = {isa = PBXFileReference; lastKnownFileType = sourcecode.swift; path = UserStatsView.swift; sourceTree = "<group>"; };
/* End PBXFileReference section */

/* Begin PBXFrameworksBuildPhase section */
		79C645082AA16E2300988F4A /* Frameworks */ = {
			isa = PBXFrameworksBuildPhase;
			buildActionMask = 2147483647;
			files = (
			);
			runOnlyForDeploymentPostprocessing = 0;
		};
/* End PBXFrameworksBuildPhase section */

/* Begin PBXGroup section */
		79C645022AA16E2300988F4A = {
			isa = PBXGroup;
			children = (
				79C6450D2AA16E2300988F4A /* InstaCloneJue */,
				79C6450C2AA16E2300988F4A /* Products */,
			);
			sourceTree = "<group>";
		};
		79C6450C2AA16E2300988F4A /* Products */ = {
			isa = PBXGroup;
			children = (
				79C6450B2AA16E2300988F4A /* InstaCloneJue.app */,
			);
			name = Products;
			sourceTree = "<group>";
		};
		79C6450D2AA16E2300988F4A /* InstaCloneJue */ = {
			isa = PBXGroup;
			children = (
				79C6451E2AA1716900988F4A /* ViewModel */,
				79C6451D2AA1713C00988F4A /* View */,
				79C6451C2AA170D700988F4A /* Model */,
				79C6450E2AA16E2300988F4A /* InstaCloneJueApp.swift */,
				79C645102AA16E2300988F4A /* ContentView.swift */,
				79C645122AA16E2900988F4A /* Assets.xcassets */,
				79C645142AA16E2900988F4A /* Preview Content */,
			);
			path = InstaCloneJue;
			sourceTree = "<group>";
		};
		79C645142AA16E2900988F4A /* Preview Content */ = {
			isa = PBXGroup;
			children = (
				79C645152AA16E2900988F4A /* Preview Assets.xcassets */,
			);
			path = "Preview Content";
			sourceTree = "<group>";
		};
		79C6451C2AA170D700988F4A /* Model */ = {
			isa = PBXGroup;
			children = (
			);
			path = Model;
			sourceTree = "<group>";
		};
		79C6451D2AA1713C00988F4A /* View */ = {
			isa = PBXGroup;
			children = (
				79C645252AA1808C00988F4A /* Components */,
				79C645222AA17B3D00988F4A /* Profile */,
				79C6451F2AA171DB00988F4A /* TabBar */,
			);
			path = View;
			sourceTree = "<group>";
		};
		79C6451E2AA1716900988F4A /* ViewModel */ = {
			isa = PBXGroup;
			children = (
			);
			path = ViewModel;
			sourceTree = "<group>";
		};
		79C6451F2AA171DB00988F4A /* TabBar */ = {
			isa = PBXGroup;
			children = (
				79C645202AA1737200988F4A /* MainTabView.swift */,
			);
			path = TabBar;
			sourceTree = "<group>";
		};
		79C645222AA17B3D00988F4A /* Profile */ = {
			isa = PBXGroup;
			children = (
				79C645232AA17B7B00988F4A /* ProfileView.swift */,
			);
			path = Profile;
			sourceTree = "<group>";
		};
		79C645252AA1808C00988F4A /* Components */ = {
			isa = PBXGroup;
			children = (
				79C645262AA180C400988F4A /* UserStatsView.swift */,
			);
			path = Components;
			sourceTree = "<group>";
		};
/* End PBXGroup section */

/* Begin PBXNativeTarget section */
		79C6450A2AA16E2300988F4A /* InstaCloneJue */ = {
			isa = PBXNativeTarget;
			buildConfigurationList = 79C645192AA16E2900988F4A /* Build configuration list for PBXNativeTarget "InstaCloneJue" */;
			buildPhases = (
				79C645072AA16E2300988F4A /* Sources */,
				79C645082AA16E2300988F4A /* Frameworks */,
				79C645092AA16E2300988F4A /* Resources */,
			);
			buildRules = (
			);
			dependencies = (
			);
			name = InstaCloneJue;
			productName = InstaCloneJue;
			productReference = 79C6450B2AA16E2300988F4A /* InstaCloneJue.app */;
			productType = "com.apple.product-type.application";
		};
/* End PBXNativeTarget section */

/* Begin PBXProject section */
		79C645032AA16E2300988F4A /* Project object */ = {
			isa = PBXProject;
			attributes = {
				BuildIndependentTargetsInParallel = 1;
				LastSwiftUpdateCheck = 1420;
				LastUpgradeCheck = 1420;
				TargetAttributes = {
					79C6450A2AA16E2300988F4A = {
						CreatedOnToolsVersion = 14.2;
					};
				};
			};
			buildConfigurationList = 79C645062AA16E2300988F4A /* Build configuration list for PBXProject "InstaCloneJue" */;
			compatibilityVersion = "Xcode 14.0";
			developmentRegion = en;
			hasScannedForEncodings = 0;
			knownRegions = (
				en,
				Base,
			);
			mainGroup = 79C645022AA16E2300988F4A;
			productRefGroup = 79C6450C2AA16E2300988F4A /* Products */;
			projectDirPath = "";
			projectRoot = "";
			targets = (
				79C6450A2AA16E2300988F4A /* InstaCloneJue */,
			);
		};
/* End PBXProject section */

/* Begin PBXResourcesBuildPhase section */
		79C645092AA16E2300988F4A /* Resources */ = {
			isa = PBXResourcesBuildPhase;
			buildActionMask = 2147483647;
			files = (
				79C645162AA16E2900988F4A /* Preview Assets.xcassets in Resources */,
				79C645132AA16E2900988F4A /* Assets.xcassets in Resources */,
			);
			runOnlyForDeploymentPostprocessing = 0;
		};
/* End PBXResourcesBuildPhase section */

/* Begin PBXSourcesBuildPhase section */
		79C645072AA16E2300988F4A /* Sources */ = {
			isa = PBXSourcesBuildPhase;
			buildActionMask = 2147483647;
			files = (
				79C645242AA17B7B00988F4A /* ProfileView.swift in Sources */,
				79C645112AA16E2300988F4A /* ContentView.swift in Sources */,
				79C6450F2AA16E2300988F4A /* InstaCloneJueApp.swift in Sources */,
				79C645212AA1737200988F4A /* MainTabView.swift in Sources */,
				79C645272AA180C400988F4A /* UserStatsView.swift in Sources */,
			);
			runOnlyForDeploymentPostprocessing = 0;
		};
/* End PBXSourcesBuildPhase section */

/* Begin XCBuildConfiguration section */
		79C645172AA16E2900988F4A /* Debug */ = {
			isa = XCBuildConfiguration;
			buildSettings = {
				ALWAYS_SEARCH_USER_PATHS = NO;
				CLANG_ANALYZER_NONNULL = YES;
				CLANG_ANALYZER_NUMBER_OBJECT_CONVERSION = YES_AGGRESSIVE;
				CLANG_CXX_LANGUAGE_STANDARD = "gnu++20";
				CLANG_ENABLE_MODULES = YES;
				CLANG_ENABLE_OBJC_ARC = YES;
				CLANG_ENABLE_OBJC_WEAK = YES;
				CLANG_WARN_BLOCK_CAPTURE_AUTORELEASING = YES;
				CLANG_WARN_BOOL_CONVERSION = YES;
				CLANG_WARN_COMMA = YES;
				CLANG_WARN_CONSTANT_CONVERSION = YES;
				CLANG_WARN_DEPRECATED_OBJC_IMPLEMENTATIONS = YES;
				CLANG_WARN_DIRECT_OBJC_ISA_USAGE = YES_ERROR;
				CLANG_WARN_DOCUMENTATION_COMMENTS = YES;
				CLANG_WARN_EMPTY_BODY = YES;
				CLANG_WARN_ENUM_CONVERSION = YES;
				CLANG_WARN_INFINITE_RECURSION = YES;
				CLANG_WARN_INT_CONVERSION = YES;
				CLANG_WARN_NON_LITERAL_NULL_CONVERSION = YES;
				CLANG_WARN_OBJC_IMPLICIT_RETAIN_SELF = YES;
				CLANG_WARN_OBJC_LITERAL_CONVERSION = YES;
				CLANG_WARN_OBJC_ROOT_CLASS = YES_ERROR;
				CLANG_WARN_QUOTED_INCLUDE_IN_FRAMEWORK_HEADER = YES;
				CLANG_WARN_RANGE_LOOP_ANALYSIS = YES;
				CLANG_WARN_STRICT_PROTOTYPES = YES;
				CLANG_WARN_SUSPICIOUS_MOVE = YES;
				CLANG_WARN_UNGUARDED_AVAILABILITY = YES_AGGRESSIVE;
				CLANG_WARN_UNREACHABLE_CODE = YES;
				CLANG_WARN__DUPLICATE_METHOD_MATCH = YES;
				COPY_PHASE_STRIP = NO;
				DEBUG_INFORMATION_FORMAT = dwarf;
				ENABLE_STRICT_OBJC_MSGSEND = YES;
				ENABLE_TESTABILITY = YES;
				GCC_C_LANGUAGE_STANDARD = gnu11;
				GCC_DYNAMIC_NO_PIC = NO;
				GCC_NO_COMMON_BLOCKS = YES;
				GCC_OPTIMIZATION_LEVEL = 0;
				GCC_PREPROCESSOR_DEFINITIONS = (
					"DEBUG=1",
					"$(inherited)",
				);
				GCC_WARN_64_TO_32_BIT_CONVERSION = YES;
				GCC_WARN_ABOUT_RETURN_TYPE = YES_ERROR;
				GCC_WARN_UNDECLARED_SELECTOR = YES;
				GCC_WARN_UNINITIALIZED_AUTOS = YES_AGGRESSIVE;
				GCC_WARN_UNUSED_FUNCTION = YES;
				GCC_WARN_UNUSED_VARIABLE = YES;
				IPHONEOS_DEPLOYMENT_TARGET = 16.2;
				MTL_ENABLE_DEBUG_INFO = INCLUDE_SOURCE;
				MTL_FAST_MATH = YES;
				ONLY_ACTIVE_ARCH = YES;
				SDKROOT = iphoneos;
				SWIFT_ACTIVE_COMPILATION_CONDITIONS = DEBUG;
				SWIFT_OPTIMIZATION_LEVEL = "-Onone";
			};
			name = Debug;
		};
		79C645182AA16E2900988F4A /* Release */ = {
			isa = XCBuildConfiguration;
			buildSettings = {
				ALWAYS_SEARCH_USER_PATHS = NO;
				CLANG_ANALYZER_NONNULL = YES;
				CLANG_ANALYZER_NUMBER_OBJECT_CONVERSION = YES_AGGRESSIVE;
				CLANG_CXX_LANGUAGE_STANDARD = "gnu++20";
				CLANG_ENABLE_MODULES = YES;
				CLANG_ENABLE_OBJC_ARC = YES;
				CLANG_ENABLE_OBJC_WEAK = YES;
				CLANG_WARN_BLOCK_CAPTURE_AUTORELEASING = YES;
				CLANG_WARN_BOOL_CONVERSION = YES;
				CLANG_WARN_COMMA = YES;
				CLANG_WARN_CONSTANT_CONVERSION = YES;
				CLANG_WARN_DEPRECATED_OBJC_IMPLEMENTATIONS = YES;
				CLANG_WARN_DIRECT_OBJC_ISA_USAGE = YES_ERROR;
				CLANG_WARN_DOCUMENTATION_COMMENTS = YES;
				CLANG_WARN_EMPTY_BODY = YES;
				CLANG_WARN_ENUM_CONVERSION = YES;
				CLANG_WARN_INFINITE_RECURSION = YES;
				CLANG_WARN_INT_CONVERSION = YES;
				CLANG_WARN_NON_LITERAL_NULL_CONVERSION = YES;
				CLANG_WARN_OBJC_IMPLICIT_RETAIN_SELF = YES;
				CLANG_WARN_OBJC_LITERAL_CONVERSION = YES;
				CLANG_WARN_OBJC_ROOT_CLASS = YES_ERROR;
				CLANG_WARN_QUOTED_INCLUDE_IN_FRAMEWORK_HEADER = YES;
				CLANG_WARN_RANGE_LOOP_ANALYSIS = YES;
				CLANG_WARN_STRICT_PROTOTYPES = YES;
				CLANG_WARN_SUSPICIOUS_MOVE = YES;
				CLANG_WARN_UNGUARDED_AVAILABILITY = YES_AGGRESSIVE;
				CLANG_WARN_UNREACHABLE_CODE = YES;
				CLANG_WARN__DUPLICATE_METHOD_MATCH = YES;
				COPY_PHASE_STRIP = NO;
				DEBUG_INFORMATION_FORMAT = "dwarf-with-dsym";
				ENABLE_NS_ASSERTIONS = NO;
				ENABLE_STRICT_OBJC_MSGSEND = YES;
				GCC_C_LANGUAGE_STANDARD = gnu11;
				GCC_NO_COMMON_BLOCKS = YES;
				GCC_WARN_64_TO_32_BIT_CONVERSION = YES;
				GCC_WARN_ABOUT_RETURN_TYPE = YES_ERROR;
				GCC_WARN_UNDECLARED_SELECTOR = YES;
				GCC_WARN_UNINITIALIZED_AUTOS = YES_AGGRESSIVE;
				GCC_WARN_UNUSED_FUNCTION = YES;
				GCC_WARN_UNUSED_VARIABLE = YES;
				IPHONEOS_DEPLOYMENT_TARGET = 16.2;
				MTL_ENABLE_DEBUG_INFO = NO;
				MTL_FAST_MATH = YES;
				SDKROOT = iphoneos;
				SWIFT_COMPILATION_MODE = wholemodule;
				SWIFT_OPTIMIZATION_LEVEL = "-O";
				VALIDATE_PRODUCT = YES;
			};
			name = Release;
		};
		79C6451A2AA16E2900988F4A /* Debug */ = {
			isa = XCBuildConfiguration;
			buildSettings = {
				ASSETCATALOG_COMPILER_APPICON_NAME = AppIcon;
				ASSETCATALOG_COMPILER_GLOBAL_ACCENT_COLOR_NAME = AccentColor;
				CODE_SIGN_STYLE = Automatic;
				CURRENT_PROJECT_VERSION = 1;
				DEVELOPMENT_ASSET_PATHS = "\"InstaCloneJue/Preview Content\"";
				ENABLE_PREVIEWS = YES;
				GENERATE_INFOPLIST_FILE = YES;
				INFOPLIST_KEY_UIApplicationSceneManifest_Generation = YES;
				INFOPLIST_KEY_UIApplicationSupportsIndirectInputEvents = YES;
				INFOPLIST_KEY_UILaunchScreen_Generation = YES;
				INFOPLIST_KEY_UISupportedInterfaceOrientations_iPad = "UIInterfaceOrientationPortrait UIInterfaceOrientationPortraitUpsideDown UIInterfaceOrientationLandscapeLeft UIInterfaceOrientationLandscapeRight";
				INFOPLIST_KEY_UISupportedInterfaceOrientations_iPhone = "UIInterfaceOrientationPortrait UIInterfaceOrientationLandscapeLeft UIInterfaceOrientationLandscapeRight";
				LD_RUNPATH_SEARCH_PATHS = (
					"$(inherited)",
					"@executable_path/Frameworks",
				);
				MARKETING_VERSION = 1.0;
				PRODUCT_BUNDLE_IDENTIFIER = pe.cibertec.InstaCloneJue;
				PRODUCT_NAME = "$(TARGET_NAME)";
				SWIFT_EMIT_LOC_STRINGS = YES;
				SWIFT_VERSION = 5.0;
				TARGETED_DEVICE_FAMILY = "1,2";
			};
			name = Debug;
		};
		79C6451B2AA16E2900988F4A /* Release */ = {
			isa = XCBuildConfiguration;
			buildSettings = {
				ASSETCATALOG_COMPILER_APPICON_NAME = AppIcon;
				ASSETCATALOG_COMPILER_GLOBAL_ACCENT_COLOR_NAME = AccentColor;
				CODE_SIGN_STYLE = Automatic;
				CURRENT_PROJECT_VERSION = 1;
				DEVELOPMENT_ASSET_PATHS = "\"InstaCloneJue/Preview Content\"";
				ENABLE_PREVIEWS = YES;
				GENERATE_INFOPLIST_FILE = YES;
				INFOPLIST_KEY_UIApplicationSceneManifest_Generation = YES;
				INFOPLIST_KEY_UIApplicationSupportsIndirectInputEvents = YES;
				INFOPLIST_KEY_UILaunchScreen_Generation = YES;
				INFOPLIST_KEY_UISupportedInterfaceOrientations_iPad = "UIInterfaceOrientationPortrait UIInterfaceOrientationPortraitUpsideDown UIInterfaceOrientationLandscapeLeft UIInterfaceOrientationLandscapeRight";
				INFOPLIST_KEY_UISupportedInterfaceOrientations_iPhone = "UIInterfaceOrientationPortrait UIInterfaceOrientationLandscapeLeft UIInterfaceOrientationLandscapeRight";
				LD_RUNPATH_SEARCH_PATHS = (
					"$(inherited)",
					"@executable_path/Frameworks",
				);
				MARKETING_VERSION = 1.0;
				PRODUCT_BUNDLE_IDENTIFIER = pe.cibertec.InstaCloneJue;
				PRODUCT_NAME = "$(TARGET_NAME)";
				SWIFT_EMIT_LOC_STRINGS = YES;
				SWIFT_VERSION = 5.0;
				TARGETED_DEVICE_FAMILY = "1,2";
			};
			name = Release;
		};
/* End XCBuildConfiguration section */

/* Begin XCConfigurationList section */
		79C645062AA16E2300988F4A /* Build configuration list for PBXProject "InstaCloneJue" */ = {
			isa = XCConfigurationList;
			buildConfigurations = (
				79C645172AA16E2900988F4A /* Debug */,
				79C645182AA16E2900988F4A /* Release */,
			);
			defaultConfigurationIsVisible = 0;
			defaultConfigurationName = Release;
		};
		79C645192AA16E2900988F4A /* Build configuration list for PBXNativeTarget "InstaCloneJue" */ = {
			isa = XCConfigurationList;
			buildConfigurations = (
				79C6451A2AA16E2900988F4A /* Debug */,
				79C6451B2AA16E2900988F4A /* Release */,
			);
			defaultConfigurationIsVisible = 0;
			defaultConfigurationName = Release;
		};
/* End XCConfigurationList section */
	};
	rootObject = 79C645032AA16E2300988F4A /* Project object */;
}
