// !$*UTF8*$!
{
	archiveVersion = 1;
	classes = {
	};
	objectVersion = 56;
	objects = {

/* Begin PBXBuildFile section */
		794774D72AC6588300A84891 /* CL01_HerreraCesarApp.swift in Sources */ = {isa = PBXBuildFile; fileRef = 794774D62AC6588300A84891 /* CL01_HerreraCesarApp.swift */; };
		794774D92AC6588300A84891 /* ContentView.swift in Sources */ = {isa = PBXBuildFile; fileRef = 794774D82AC6588300A84891 /* ContentView.swift */; };
		794774DB2AC6589800A84891 /* Assets.xcassets in Resources */ = {isa = PBXBuildFile; fileRef = 794774DA2AC6589800A84891 /* Assets.xcassets */; };
		794774DE2AC6589800A84891 /* Preview Assets.xcassets in Resources */ = {isa = PBXBuildFile; fileRef = 794774DD2AC6589800A84891 /* Preview Assets.xcassets */; };
		794774E92AC65BBF00A84891 /* CircleImage.swift in Sources */ = {isa = PBXBuildFile; fileRef = 794774E82AC65BBE00A84891 /* CircleImage.swift */; };
		794774EC2AC65EAF00A84891 /* MainTabView.swift in Sources */ = {isa = PBXBuildFile; fileRef = 794774EB2AC65EAF00A84891 /* MainTabView.swift */; };
		794774EF2AC660F700A84891 /* FeedView.swift in Sources */ = {isa = PBXBuildFile; fileRef = 794774EE2AC660F700A84891 /* FeedView.swift */; };
		794774F12AC661AF00A84891 /* FeedCell.swift in Sources */ = {isa = PBXBuildFile; fileRef = 794774F02AC661AF00A84891 /* FeedCell.swift */; };
/* End PBXBuildFile section */

/* Begin PBXFileReference section */
		794774D32AC6588300A84891 /* CL01_HerreraCesar.app */ = {isa = PBXFileReference; explicitFileType = wrapper.application; includeInIndex = 0; path = CL01_HerreraCesar.app; sourceTree = BUILT_PRODUCTS_DIR; };
		794774D62AC6588300A84891 /* CL01_HerreraCesarApp.swift */ = {isa = PBXFileReference; lastKnownFileType = sourcecode.swift; path = CL01_HerreraCesarApp.swift; sourceTree = "<group>"; };
		794774D82AC6588300A84891 /* ContentView.swift */ = {isa = PBXFileReference; lastKnownFileType = sourcecode.swift; path = ContentView.swift; sourceTree = "<group>"; };
		794774DA2AC6589800A84891 /* Assets.xcassets */ = {isa = PBXFileReference; lastKnownFileType = folder.assetcatalog; path = Assets.xcassets; sourceTree = "<group>"; };
		794774DD2AC6589800A84891 /* Preview Assets.xcassets */ = {isa = PBXFileReference; lastKnownFileType = folder.assetcatalog; path = "Preview Assets.xcassets"; sourceTree = "<group>"; };
		794774E82AC65BBE00A84891 /* CircleImage.swift */ = {isa = PBXFileReference; lastKnownFileType = sourcecode.swift; path = CircleImage.swift; sourceTree = "<group>"; };
		794774EB2AC65EAF00A84891 /* MainTabView.swift */ = {isa = PBXFileReference; lastKnownFileType = sourcecode.swift; path = MainTabView.swift; sourceTree = "<group>"; };
		794774EE2AC660F700A84891 /* FeedView.swift */ = {isa = PBXFileReference; lastKnownFileType = sourcecode.swift; name = FeedView.swift; path = "CL01_HerreraCesar/New Group1/TabBar/FeedView.swift"; sourceTree = SOURCE_ROOT; };
		794774F02AC661AF00A84891 /* FeedCell.swift */ = {isa = PBXFileReference; lastKnownFileType = sourcecode.swift; path = FeedCell.swift; sourceTree = "<group>"; };
/* End PBXFileReference section */

/* Begin PBXFrameworksBuildPhase section */
		794774D02AC6588300A84891 /* Frameworks */ = {
			isa = PBXFrameworksBuildPhase;
			buildActionMask = 2147483647;
			files = (
			);
			runOnlyForDeploymentPostprocessing = 0;
		};
/* End PBXFrameworksBuildPhase section */

/* Begin PBXGroup section */
		794774CA2AC6588300A84891 = {
			isa = PBXGroup;
			children = (
				794774D52AC6588300A84891 /* CL01_HerreraCesar */,
				794774D42AC6588300A84891 /* Products */,
			);
			sourceTree = "<group>";
		};
		794774D42AC6588300A84891 /* Products */ = {
			isa = PBXGroup;
			children = (
				794774D32AC6588300A84891 /* CL01_HerreraCesar.app */,
			);
			name = Products;
			sourceTree = "<group>";
		};
		794774D52AC6588300A84891 /* CL01_HerreraCesar */ = {
			isa = PBXGroup;
			children = (
				794774E62AC6597900A84891 /* Model */,
				794774E52AC6596E00A84891 /* View */,
				794774E42AC6596500A84891 /* ViewModel */,
				794774D62AC6588300A84891 /* CL01_HerreraCesarApp.swift */,
				794774D82AC6588300A84891 /* ContentView.swift */,
				794774DA2AC6589800A84891 /* Assets.xcassets */,
				794774DC2AC6589800A84891 /* Preview Content */,
			);
			path = CL01_HerreraCesar;
			sourceTree = "<group>";
		};
		794774DC2AC6589800A84891 /* Preview Content */ = {
			isa = PBXGroup;
			children = (
				794774DD2AC6589800A84891 /* Preview Assets.xcassets */,
			);
			path = "Preview Content";
			sourceTree = "<group>";
		};
		794774E42AC6596500A84891 /* ViewModel */ = {
			isa = PBXGroup;
			children = (
			);
			path = ViewModel;
			sourceTree = "<group>";
		};
		794774E52AC6596E00A84891 /* View */ = {
			isa = PBXGroup;
			children = (
				794774ED2AC6602200A84891 /* Feed */,
				794774EA2AC65CF100A84891 /* TabBar */,
				794774E72AC6599800A84891 /* Components */,
			);
			name = View;
			path = "New Group1";
			sourceTree = "<group>";
		};
		794774E62AC6597900A84891 /* Model */ = {
			isa = PBXGroup;
			children = (
			);
			path = Model;
			sourceTree = "<group>";
		};
		794774E72AC6599800A84891 /* Components */ = {
			isa = PBXGroup;
			children = (
				794774E82AC65BBE00A84891 /* CircleImage.swift */,
			);
			path = Components;
			sourceTree = "<group>";
		};
		794774EA2AC65CF100A84891 /* TabBar */ = {
			isa = PBXGroup;
			children = (
				794774EB2AC65EAF00A84891 /* MainTabView.swift */,
			);
			path = TabBar;
			sourceTree = "<group>";
		};
		794774ED2AC6602200A84891 /* Feed */ = {
			isa = PBXGroup;
			children = (
				794774EE2AC660F700A84891 /* FeedView.swift */,
				794774F02AC661AF00A84891 /* FeedCell.swift */,
			);
			path = Feed;
			sourceTree = "<group>";
		};
/* End PBXGroup section */

/* Begin PBXNativeTarget section */
		794774D22AC6588300A84891 /* CL01_HerreraCesar */ = {
			isa = PBXNativeTarget;
			buildConfigurationList = 794774E12AC6589800A84891 /* Build configuration list for PBXNativeTarget "CL01_HerreraCesar" */;
			buildPhases = (
				794774CF2AC6588300A84891 /* Sources */,
				794774D02AC6588300A84891 /* Frameworks */,
				794774D12AC6588300A84891 /* Resources */,
			);
			buildRules = (
			);
			dependencies = (
			);
			name = CL01_HerreraCesar;
			productName = CL01_HerreraCesar;
			productReference = 794774D32AC6588300A84891 /* CL01_HerreraCesar.app */;
			productType = "com.apple.product-type.application";
		};
/* End PBXNativeTarget section */

/* Begin PBXProject section */
		794774CB2AC6588300A84891 /* Project object */ = {
			isa = PBXProject;
			attributes = {
				BuildIndependentTargetsInParallel = 1;
				LastSwiftUpdateCheck = 1420;
				LastUpgradeCheck = 1420;
				TargetAttributes = {
					794774D22AC6588300A84891 = {
						CreatedOnToolsVersion = 14.2;
					};
				};
			};
			buildConfigurationList = 794774CE2AC6588300A84891 /* Build configuration list for PBXProject "CL01_HerreraCesar" */;
			compatibilityVersion = "Xcode 14.0";
			developmentRegion = en;
			hasScannedForEncodings = 0;
			knownRegions = (
				en,
				Base,
			);
			mainGroup = 794774CA2AC6588300A84891;
			productRefGroup = 794774D42AC6588300A84891 /* Products */;
			projectDirPath = "";
			projectRoot = "";
			targets = (
				794774D22AC6588300A84891 /* CL01_HerreraCesar */,
			);
		};
/* End PBXProject section */

/* Begin PBXResourcesBuildPhase section */
		794774D12AC6588300A84891 /* Resources */ = {
			isa = PBXResourcesBuildPhase;
			buildActionMask = 2147483647;
			files = (
				794774DE2AC6589800A84891 /* Preview Assets.xcassets in Resources */,
				794774DB2AC6589800A84891 /* Assets.xcassets in Resources */,
			);
			runOnlyForDeploymentPostprocessing = 0;
		};
/* End PBXResourcesBuildPhase section */

/* Begin PBXSourcesBuildPhase section */
		794774CF2AC6588300A84891 /* Sources */ = {
			isa = PBXSourcesBuildPhase;
			buildActionMask = 2147483647;
			files = (
				794774EF2AC660F700A84891 /* FeedView.swift in Sources */,
				794774D92AC6588300A84891 /* ContentView.swift in Sources */,
				794774D72AC6588300A84891 /* CL01_HerreraCesarApp.swift in Sources */,
				794774E92AC65BBF00A84891 /* CircleImage.swift in Sources */,
				794774EC2AC65EAF00A84891 /* MainTabView.swift in Sources */,
				794774F12AC661AF00A84891 /* FeedCell.swift in Sources */,
			);
			runOnlyForDeploymentPostprocessing = 0;
		};
/* End PBXSourcesBuildPhase section */

/* Begin XCBuildConfiguration section */
		794774DF2AC6589800A84891 /* Debug */ = {
			isa = XCBuildConfiguration;
			buildSettings = {
				ALWAYS_SEARCH_USER_PATHS = NO;
				CLANG_ANALYZER_NONNULL = YES;
				CLANG_ANALYZER_NUMBER_OBJECT_CONVERSION = YES_AGGRESSIVE;
				CLANG_CXX_LANGUAGE_STANDARD = "gnu++20";
				CLANG_ENABLE_MODULES = YES;
				CLANG_ENABLE_OBJC_ARC = YES;
				CLANG_ENABLE_OBJC_WEAK = YES;
				CLANG_WARN_BLOCK_CAPTURE_AUTORELEASING = YES;
				CLANG_WARN_BOOL_CONVERSION = YES;
				CLANG_WARN_COMMA = YES;
				CLANG_WARN_CONSTANT_CONVERSION = YES;
				CLANG_WARN_DEPRECATED_OBJC_IMPLEMENTATIONS = YES;
				CLANG_WARN_DIRECT_OBJC_ISA_USAGE = YES_ERROR;
				CLANG_WARN_DOCUMENTATION_COMMENTS = YES;
				CLANG_WARN_EMPTY_BODY = YES;
				CLANG_WARN_ENUM_CONVERSION = YES;
				CLANG_WARN_INFINITE_RECURSION = YES;
				CLANG_WARN_INT_CONVERSION = YES;
				CLANG_WARN_NON_LITERAL_NULL_CONVERSION = YES;
				CLANG_WARN_OBJC_IMPLICIT_RETAIN_SELF = YES;
				CLANG_WARN_OBJC_LITERAL_CONVERSION = YES;
				CLANG_WARN_OBJC_ROOT_CLASS = YES_ERROR;
				CLANG_WARN_QUOTED_INCLUDE_IN_FRAMEWORK_HEADER = YES;
				CLANG_WARN_RANGE_LOOP_ANALYSIS = YES;
				CLANG_WARN_STRICT_PROTOTYPES = YES;
				CLANG_WARN_SUSPICIOUS_MOVE = YES;
				CLANG_WARN_UNGUARDED_AVAILABILITY = YES_AGGRESSIVE;
				CLANG_WARN_UNREACHABLE_CODE = YES;
				CLANG_WARN__DUPLICATE_METHOD_MATCH = YES;
				COPY_PHASE_STRIP = NO;
				DEBUG_INFORMATION_FORMAT = dwarf;
				ENABLE_STRICT_OBJC_MSGSEND = YES;
				ENABLE_TESTABILITY = YES;
				GCC_C_LANGUAGE_STANDARD = gnu11;
				GCC_DYNAMIC_NO_PIC = NO;
				GCC_NO_COMMON_BLOCKS = YES;
				GCC_OPTIMIZATION_LEVEL = 0;
				GCC_PREPROCESSOR_DEFINITIONS = (
					"DEBUG=1",
					"$(inherited)",
				);
				GCC_WARN_64_TO_32_BIT_CONVERSION = YES;
				GCC_WARN_ABOUT_RETURN_TYPE = YES_ERROR;
				GCC_WARN_UNDECLARED_SELECTOR = YES;
				GCC_WARN_UNINITIALIZED_AUTOS = YES_AGGRESSIVE;
				GCC_WARN_UNUSED_FUNCTION = YES;
				GCC_WARN_UNUSED_VARIABLE = YES;
				IPHONEOS_DEPLOYMENT_TARGET = 16.2;
				MTL_ENABLE_DEBUG_INFO = INCLUDE_SOURCE;
				MTL_FAST_MATH = YES;
				ONLY_ACTIVE_ARCH = YES;
				SDKROOT = iphoneos;
				SWIFT_ACTIVE_COMPILATION_CONDITIONS = DEBUG;
				SWIFT_OPTIMIZATION_LEVEL = "-Onone";
			};
			name = Debug;
		};
		794774E02AC6589800A84891 /* Release */ = {
			isa = XCBuildConfiguration;
			buildSettings = {
				ALWAYS_SEARCH_USER_PATHS = NO;
				CLANG_ANALYZER_NONNULL = YES;
				CLANG_ANALYZER_NUMBER_OBJECT_CONVERSION = YES_AGGRESSIVE;
				CLANG_CXX_LANGUAGE_STANDARD = "gnu++20";
				CLANG_ENABLE_MODULES = YES;
				CLANG_ENABLE_OBJC_ARC = YES;
				CLANG_ENABLE_OBJC_WEAK = YES;
				CLANG_WARN_BLOCK_CAPTURE_AUTORELEASING = YES;
				CLANG_WARN_BOOL_CONVERSION = YES;
				CLANG_WARN_COMMA = YES;
				CLANG_WARN_CONSTANT_CONVERSION = YES;
				CLANG_WARN_DEPRECATED_OBJC_IMPLEMENTATIONS = YES;
				CLANG_WARN_DIRECT_OBJC_ISA_USAGE = YES_ERROR;
				CLANG_WARN_DOCUMENTATION_COMMENTS = YES;
				CLANG_WARN_EMPTY_BODY = YES;
				CLANG_WARN_ENUM_CONVERSION = YES;
				CLANG_WARN_INFINITE_RECURSION = YES;
				CLANG_WARN_INT_CONVERSION = YES;
				CLANG_WARN_NON_LITERAL_NULL_CONVERSION = YES;
				CLANG_WARN_OBJC_IMPLICIT_RETAIN_SELF = YES;
				CLANG_WARN_OBJC_LITERAL_CONVERSION = YES;
				CLANG_WARN_OBJC_ROOT_CLASS = YES_ERROR;
				CLANG_WARN_QUOTED_INCLUDE_IN_FRAMEWORK_HEADER = YES;
				CLANG_WARN_RANGE_LOOP_ANALYSIS = YES;
				CLANG_WARN_STRICT_PROTOTYPES = YES;
				CLANG_WARN_SUSPICIOUS_MOVE = YES;
				CLANG_WARN_UNGUARDED_AVAILABILITY = YES_AGGRESSIVE;
				CLANG_WARN_UNREACHABLE_CODE = YES;
				CLANG_WARN__DUPLICATE_METHOD_MATCH = YES;
				COPY_PHASE_STRIP = NO;
				DEBUG_INFORMATION_FORMAT = "dwarf-with-dsym";
				ENABLE_NS_ASSERTIONS = NO;
				ENABLE_STRICT_OBJC_MSGSEND = YES;
				GCC_C_LANGUAGE_STANDARD = gnu11;
				GCC_NO_COMMON_BLOCKS = YES;
				GCC_WARN_64_TO_32_BIT_CONVERSION = YES;
				GCC_WARN_ABOUT_RETURN_TYPE = YES_ERROR;
				GCC_WARN_UNDECLARED_SELECTOR = YES;
				GCC_WARN_UNINITIALIZED_AUTOS = YES_AGGRESSIVE;
				GCC_WARN_UNUSED_FUNCTION = YES;
				GCC_WARN_UNUSED_VARIABLE = YES;
				IPHONEOS_DEPLOYMENT_TARGET = 16.2;
				MTL_ENABLE_DEBUG_INFO = NO;
				MTL_FAST_MATH = YES;
				SDKROOT = iphoneos;
				SWIFT_COMPILATION_MODE = wholemodule;
				SWIFT_OPTIMIZATION_LEVEL = "-O";
				VALIDATE_PRODUCT = YES;
			};
			name = Release;
		};
		794774E22AC6589800A84891 /* Debug */ = {
			isa = XCBuildConfiguration;
			buildSettings = {
				ASSETCATALOG_COMPILER_APPICON_NAME = AppIcon;
				ASSETCATALOG_COMPILER_GLOBAL_ACCENT_COLOR_NAME = AccentColor;
				CODE_SIGN_STYLE = Automatic;
				CURRENT_PROJECT_VERSION = 1;
				DEVELOPMENT_ASSET_PATHS = "\"CL01_HerreraCesar/Preview Content\"";
				ENABLE_PREVIEWS = YES;
				GENERATE_INFOPLIST_FILE = YES;
				INFOPLIST_KEY_UIApplicationSceneManifest_Generation = YES;
				INFOPLIST_KEY_UIApplicationSupportsIndirectInputEvents = YES;
				INFOPLIST_KEY_UILaunchScreen_Generation = YES;
				INFOPLIST_KEY_UISupportedInterfaceOrientations_iPad = "UIInterfaceOrientationPortrait UIInterfaceOrientationPortraitUpsideDown UIInterfaceOrientationLandscapeLeft UIInterfaceOrientationLandscapeRight";
				INFOPLIST_KEY_UISupportedInterfaceOrientations_iPhone = "UIInterfaceOrientationPortrait UIInterfaceOrientationLandscapeLeft UIInterfaceOrientationLandscapeRight";
				LD_RUNPATH_SEARCH_PATHS = (
					"$(inherited)",
					"@executable_path/Frameworks",
				);
				MARKETING_VERSION = 1.0;
				PRODUCT_BUNDLE_IDENTIFIER = "pe.cibertec.CL01-HerreraCesar";
				PRODUCT_NAME = "$(TARGET_NAME)";
				SWIFT_EMIT_LOC_STRINGS = YES;
				SWIFT_VERSION = 5.0;
				TARGETED_DEVICE_FAMILY = "1,2";
			};
			name = Debug;
		};
		794774E32AC6589800A84891 /* Release */ = {
			isa = XCBuildConfiguration;
			buildSettings = {
				ASSETCATALOG_COMPILER_APPICON_NAME = AppIcon;
				ASSETCATALOG_COMPILER_GLOBAL_ACCENT_COLOR_NAME = AccentColor;
				CODE_SIGN_STYLE = Automatic;
				CURRENT_PROJECT_VERSION = 1;
				DEVELOPMENT_ASSET_PATHS = "\"CL01_HerreraCesar/Preview Content\"";
				ENABLE_PREVIEWS = YES;
				GENERATE_INFOPLIST_FILE = YES;
				INFOPLIST_KEY_UIApplicationSceneManifest_Generation = YES;
				INFOPLIST_KEY_UIApplicationSupportsIndirectInputEvents = YES;
				INFOPLIST_KEY_UILaunchScreen_Generation = YES;
				INFOPLIST_KEY_UISupportedInterfaceOrientations_iPad = "UIInterfaceOrientationPortrait UIInterfaceOrientationPortraitUpsideDown UIInterfaceOrientationLandscapeLeft UIInterfaceOrientationLandscapeRight";
				INFOPLIST_KEY_UISupportedInterfaceOrientations_iPhone = "UIInterfaceOrientationPortrait UIInterfaceOrientationLandscapeLeft UIInterfaceOrientationLandscapeRight";
				LD_RUNPATH_SEARCH_PATHS = (
					"$(inherited)",
					"@executable_path/Frameworks",
				);
				MARKETING_VERSION = 1.0;
				PRODUCT_BUNDLE_IDENTIFIER = "pe.cibertec.CL01-HerreraCesar";
				PRODUCT_NAME = "$(TARGET_NAME)";
				SWIFT_EMIT_LOC_STRINGS = YES;
				SWIFT_VERSION = 5.0;
				TARGETED_DEVICE_FAMILY = "1,2";
			};
			name = Release;
		};
/* End XCBuildConfiguration section */

/* Begin XCConfigurationList section */
		794774CE2AC6588300A84891 /* Build configuration list for PBXProject "CL01_HerreraCesar" */ = {
			isa = XCConfigurationList;
			buildConfigurations = (
				794774DF2AC6589800A84891 /* Debug */,
				794774E02AC6589800A84891 /* Release */,
			);
			defaultConfigurationIsVisible = 0;
			defaultConfigurationName = Release;
		};
		794774E12AC6589800A84891 /* Build configuration list for PBXNativeTarget "CL01_HerreraCesar" */ = {
			isa = XCConfigurationList;
			buildConfigurations = (
				794774E22AC6589800A84891 /* Debug */,
				794774E32AC6589800A84891 /* Release */,
			);
			defaultConfigurationIsVisible = 0;
			defaultConfigurationName = Release;
		};
/* End XCConfigurationList section */
	};
	rootObject = 794774CB2AC6588300A84891 /* Project object */;
}
